{
  "name": "fear-and-greed-bot",
  "version": "1.0.0",
  "lockfileVersion": 3,
  "requires": true,
  "packages": {
    "": {
      "name": "fear-and-greed-bot",
      "version": "1.0.0",
      "license": "ISC",
      "dependencies": {
        "twitter-api-v2": "^1.29.1"
      }
    },
    "node_modules/twitter-api-v2": {
      "version": "1.29.1",
      "resolved": "https://registry.npmjs.org/twitter-api-v2/-/twitter-api-v2-1.29.1.tgz",
      "integrity": "sha512-l5U8aP6woe+gv0RViz/YA0YEG/NRtqkO1iXWqxNfrn3MSc2V85u6w44oNDBWhy8zVV9r36SJv/uXNmnfni8Uxw==",
      "license": "Apache-2.0"
    }
  }
}
